
Microsoft Visual Studio Solution File, Format Version 12.00
# Visual Studio Version 17
VisualStudioVersion = 17.9.34728.123
MinimumVisualStudioVersion = 10.0.40219.1
Project("{FAE04EC0-301F-11D3-BF4B-00C04F79EFBC}") = "Day3App", "Day3App\Day3App.csproj", "{F3B55AA7-1E04-4B80-BCFD-B1CB012532D5}"
EndProject
Global
	GlobalSection(SolutionConfigurationPlatforms) = preSolution
		Debug|Any CPU = Debug|Any CPU
		Release|Any CPU = Release|Any CPU
	EndGlobalSection
	GlobalSection(ProjectConfigurationPlatforms) = postSolution
		{F3B55AA7-1E04-4B80-BCFD-B1CB012532D5}.Debug|Any CPU.ActiveCfg = Debug|Any CPU
		{F3B55AA7-1E04-4B80-BCFD-B1CB012532D5}.Debug|Any CPU.Build.0 = Debug|Any CPU
		{F3B55AA7-1E04-4B80-BCFD-B1CB012532D5}.Release|Any CPU.ActiveCfg = Release|Any CPU
		{F3B55AA7-1E04-4B80-BCFD-B1CB012532D5}.Release|Any CPU.Build.0 = Release|Any CPU
	EndGlobalSection
	GlobalSection(SolutionProperties) = preSolution
		HideSolutionNode = FALSE
	EndGlobalSection
	GlobalSection(ExtensibilityGlobals) = postSolution
		SolutionGuid = {1C19FA29-5932-4C29-9AC5-A595BA918F5C}
	EndGlobalSection
EndGlobal
